// !$*UTF8*$!
{
	archiveVersion = 1;
	classes = {
	};
	objectVersion = 77;
	objects = {

/* Begin PBXBuildFile section */
		30FA73D42DE21E10001E57BA /* RealmSwift in Frameworks */ = {isa = PBXBuildFile; productRef = 30FA73802DDDD464001E57BA /* RealmSwift */; };
		87BECBE82DDF344E00530E7A /* WidgetKit.framework in Frameworks */ = {isa = PBXBuildFile; fileRef = 87BECBE72DDF344E00530E7A /* WidgetKit.framework */; };
		87BECBEA2DDF344E00530E7A /* SwiftUI.framework in Frameworks */ = {isa = PBXBuildFile; fileRef = 87BECBE92DDF344E00530E7A /* SwiftUI.framework */; };
		87BECBFB2DDF345000530E7A /* DeadLineWidgetExtension.appex in Embed Foundation Extensions */ = {isa = PBXBuildFile; fileRef = 87BECBE52DDF344E00530E7A /* DeadLineWidgetExtension.appex */; settings = {ATTRIBUTES = (RemoveHeadersOnCopy, ); }; };
/* End PBXBuildFile section */

/* Begin PBXContainerItemProxy section */
		87BECBF92DDF345000530E7A /* PBXContainerItemProxy */ = {
			isa = PBXContainerItemProxy;
			containerPortal = 87D3A5752DD5FD73005546F0 /* Project object */;
			proxyType = 1;
			remoteGlobalIDString = 87BECBE42DDF344E00530E7A;
			remoteInfo = DeadLineWidgetExtension;
		};
		87D3A5922DD5FD74005546F0 /* PBXContainerItemProxy */ = {
			isa = PBXContainerItemProxy;
			containerPortal = 87D3A5752DD5FD73005546F0 /* Project object */;
			proxyType = 1;
			remoteGlobalIDString = 87D3A57C2DD5FD73005546F0;
			remoteInfo = DeadLine;
		};
		87D3A59C2DD5FD74005546F0 /* PBXContainerItemProxy */ = {
			isa = PBXContainerItemProxy;
			containerPortal = 87D3A5752DD5FD73005546F0 /* Project object */;
			proxyType = 1;
			remoteGlobalIDString = 87D3A57C2DD5FD73005546F0;
			remoteInfo = DeadLine;
		};
/* End PBXContainerItemProxy section */

/* Begin PBXCopyFilesBuildPhase section */
		87BECBFC2DDF345000530E7A /* Embed Foundation Extensions */ = {
			isa = PBXCopyFilesBuildPhase;
			buildActionMask = 2147483647;
			dstPath = "";
			dstSubfolderSpec = 13;
			files = (
				87BECBFB2DDF345000530E7A /* DeadLineWidgetExtension.appex in Embed Foundation Extensions */,
			);
			name = "Embed Foundation Extensions";
			runOnlyForDeploymentPostprocessing = 0;
		};
/* End PBXCopyFilesBuildPhase section */

/* Begin PBXFileReference section */
		87BECBE52DDF344E00530E7A /* DeadLineWidgetExtension.appex */ = {isa = PBXFileReference; explicitFileType = "wrapper.app-extension"; includeInIndex = 0; path = DeadLineWidgetExtension.appex; sourceTree = BUILT_PRODUCTS_DIR; };
		87BECBE72DDF344E00530E7A /* WidgetKit.framework */ = {isa = PBXFileReference; lastKnownFileType = wrapper.framework; name = WidgetKit.framework; path = System/Library/Frameworks/WidgetKit.framework; sourceTree = SDKROOT; };
		87BECBE92DDF344E00530E7A /* SwiftUI.framework */ = {isa = PBXFileReference; lastKnownFileType = wrapper.framework; name = SwiftUI.framework; path = System/Library/Frameworks/SwiftUI.framework; sourceTree = SDKROOT; };
		87D3A57D2DD5FD73005546F0 /* DeadLine.app */ = {isa = PBXFileReference; explicitFileType = wrapper.application; includeInIndex = 0; path = DeadLine.app; sourceTree = BUILT_PRODUCTS_DIR; };
		87D3A5912DD5FD74005546F0 /* DeadLineTests.xctest */ = {isa = PBXFileReference; explicitFileType = wrapper.cfbundle; includeInIndex = 0; path = DeadLineTests.xctest; sourceTree = BUILT_PRODUCTS_DIR; };
		87D3A59B2DD5FD74005546F0 /* DeadLineUITests.xctest */ = {isa = PBXFileReference; explicitFileType = wrapper.cfbundle; includeInIndex = 0; path = DeadLineUITests.xctest; sourceTree = BUILT_PRODUCTS_DIR; };
/* End PBXFileReference section */

/* Begin PBXFileSystemSynchronizedBuildFileExceptionSet section */
		87BECC002DDF345000530E7A /* Exceptions for "DeadLineWidget" folder in "DeadLineWidgetExtension" target */ = {
			isa = PBXFileSystemSynchronizedBuildFileExceptionSet;
			membershipExceptions = (
				Info.plist,
			);
			target = 87BECBE42DDF344E00530E7A /* DeadLineWidgetExtension */;
		};
		87D3A5A32DD5FD74005546F0 /* Exceptions for "DeadLine" folder in "DeadLine" target */ = {
			isa = PBXFileSystemSynchronizedBuildFileExceptionSet;
			membershipExceptions = (
				Info.plist,
			);
			target = 87D3A57C2DD5FD73005546F0 /* DeadLine */;
		};
/* End PBXFileSystemSynchronizedBuildFileExceptionSet section */

/* Begin PBXFileSystemSynchronizedRootGroup section */
		87BECBEB2DDF344E00530E7A /* DeadLineWidget */ = {
			isa = PBXFileSystemSynchronizedRootGroup;
			exceptions = (
				87BECC002DDF345000530E7A /* Exceptions for "DeadLineWidget" folder in "DeadLineWidgetExtension" target */,
			);
			path = DeadLineWidget;
			sourceTree = "<group>";
		};
		87D3A57F2DD5FD73005546F0 /* DeadLine */ = {
			isa = PBXFileSystemSynchronizedRootGroup;
			exceptions = (
				87D3A5A32DD5FD74005546F0 /* Exceptions for "DeadLine" folder in "DeadLine" target */,
			);
			path = DeadLine;
			sourceTree = "<group>";
		};
		87D3A5942DD5FD74005546F0 /* DeadLineTests */ = {
			isa = PBXFileSystemSynchronizedRootGroup;
			path = DeadLineTests;
			sourceTree = "<group>";
		};
		87D3A59E2DD5FD74005546F0 /* DeadLineUITests */ = {
			isa = PBXFileSystemSynchronizedRootGroup;
			path = DeadLineUITests;
			sourceTree = "<group>";
		};
/* End PBXFileSystemSynchronizedRootGroup section */

/* Begin PBXFrameworksBuildPhase section */
		87BECBE22DDF344E00530E7A /* Frameworks */ = {
			isa = PBXFrameworksBuildPhase;
			buildActionMask = 2147483647;
			files = (
				87BECBEA2DDF344E00530E7A /* SwiftUI.framework in Frameworks */,
				87BECBE82DDF344E00530E7A /* WidgetKit.framework in Frameworks */,
			);
			runOnlyForDeploymentPostprocessing = 0;
		};
		87D3A57A2DD5FD73005546F0 /* Frameworks */ = {
			isa = PBXFrameworksBuildPhase;
			buildActionMask = 2147483647;
			files = (
				30FA73D42DE21E10001E57BA /* RealmSwift in Frameworks */,
			);
			runOnlyForDeploymentPostprocessing = 0;
		};
		87D3A58E2DD5FD74005546F0 /* Frameworks */ = {
			isa = PBXFrameworksBuildPhase;
			buildActionMask = 2147483647;
			files = (
			);
			runOnlyForDeploymentPostprocessing = 0;
		};
		87D3A5982DD5FD74005546F0 /* Frameworks */ = {
			isa = PBXFrameworksBuildPhase;
			buildActionMask = 2147483647;
			files = (
			);
			runOnlyForDeploymentPostprocessing = 0;
		};
/* End PBXFrameworksBuildPhase section */

/* Begin PBXGroup section */
		87BECBE62DDF344E00530E7A /* Frameworks */ = {
			isa = PBXGroup;
			children = (
				87BECBE72DDF344E00530E7A /* WidgetKit.framework */,
				87BECBE92DDF344E00530E7A /* SwiftUI.framework */,
			);
			name = Frameworks;
			sourceTree = "<group>";
		};
		87D3A5742DD5FD73005546F0 = {
			isa = PBXGroup;
			children = (
				87D3A57F2DD5FD73005546F0 /* DeadLine */,
				87D3A5942DD5FD74005546F0 /* DeadLineTests */,
				87D3A59E2DD5FD74005546F0 /* DeadLineUITests */,
				87BECBEB2DDF344E00530E7A /* DeadLineWidget */,
				87BECBE62DDF344E00530E7A /* Frameworks */,
				87D3A57E2DD5FD73005546F0 /* Products */,
			);
			sourceTree = "<group>";
		};
		87D3A57E2DD5FD73005546F0 /* Products */ = {
			isa = PBXGroup;
			children = (
				87D3A57D2DD5FD73005546F0 /* DeadLine.app */,
				87D3A5912DD5FD74005546F0 /* DeadLineTests.xctest */,
				87D3A59B2DD5FD74005546F0 /* DeadLineUITests.xctest */,
				87BECBE52DDF344E00530E7A /* DeadLineWidgetExtension.appex */,
			);
			name = Products;
			sourceTree = "<group>";
		};
/* End PBXGroup section */

/* Begin PBXNativeTarget section */
		87BECBE42DDF344E00530E7A /* DeadLineWidgetExtension */ = {
			isa = PBXNativeTarget;
			buildConfigurationList = 87BECBFF2DDF345000530E7A /* Build configuration list for PBXNativeTarget "DeadLineWidgetExtension" */;
			buildPhases = (
				87BECBE12DDF344E00530E7A /* Sources */,
				87BECBE22DDF344E00530E7A /* Frameworks */,
				87BECBE32DDF344E00530E7A /* Resources */,
			);
			buildRules = (
			);
			dependencies = (
			);
			fileSystemSynchronizedGroups = (
				87BECBEB2DDF344E00530E7A /* DeadLineWidget */,
			);
			name = DeadLineWidgetExtension;
			packageProductDependencies = (
			);
			productName = DeadLineWidgetExtension;
			productReference = 87BECBE52DDF344E00530E7A /* DeadLineWidgetExtension.appex */;
			productType = "com.apple.product-type.app-extension";
		};
		87D3A57C2DD5FD73005546F0 /* DeadLine */ = {
			isa = PBXNativeTarget;
			buildConfigurationList = 87D3A5A42DD5FD74005546F0 /* Build configuration list for PBXNativeTarget "DeadLine" */;
			buildPhases = (
				87D3A5792DD5FD73005546F0 /* Sources */,
				87D3A57A2DD5FD73005546F0 /* Frameworks */,
				87D3A57B2DD5FD73005546F0 /* Resources */,
				87BECBFC2DDF345000530E7A /* Embed Foundation Extensions */,
			);
			buildRules = (
			);
			dependencies = (
				87BECBFA2DDF345000530E7A /* PBXTargetDependency */,
			);
			fileSystemSynchronizedGroups = (
				87D3A57F2DD5FD73005546F0 /* DeadLine */,
			);
			name = DeadLine;
			packageProductDependencies = (
				30FA73802DDDD464001E57BA /* RealmSwift */,
			);
			productName = DeadLine;
			productReference = 87D3A57D2DD5FD73005546F0 /* DeadLine.app */;
			productType = "com.apple.product-type.application";
		};
		87D3A5902DD5FD74005546F0 /* DeadLineTests */ = {
			isa = PBXNativeTarget;
			buildConfigurationList = 87D3A5A92DD5FD74005546F0 /* Build configuration list for PBXNativeTarget "DeadLineTests" */;
			buildPhases = (
				87D3A58D2DD5FD74005546F0 /* Sources */,
				87D3A58E2DD5FD74005546F0 /* Frameworks */,
				87D3A58F2DD5FD74005546F0 /* Resources */,
			);
			buildRules = (
			);
			dependencies = (
				87D3A5932DD5FD74005546F0 /* PBXTargetDependency */,
			);
			fileSystemSynchronizedGroups = (
				87D3A5942DD5FD74005546F0 /* DeadLineTests */,
			);
			name = DeadLineTests;
			packageProductDependencies = (
			);
			productName = DeadLineTests;
			productReference = 87D3A5912DD5FD74005546F0 /* DeadLineTests.xctest */;
			productType = "com.apple.product-type.bundle.unit-test";
		};
		87D3A59A2DD5FD74005546F0 /* DeadLineUITests */ = {
			isa = PBXNativeTarget;
			buildConfigurationList = 87D3A5AC2DD5FD74005546F0 /* Build configuration list for PBXNativeTarget "DeadLineUITests" */;
			buildPhases = (
				87D3A5972DD5FD74005546F0 /* Sources */,
				87D3A5982DD5FD74005546F0 /* Frameworks */,
				87D3A5992DD5FD74005546F0 /* Resources */,
			);
			buildRules = (
			);
			dependencies = (
				87D3A59D2DD5FD74005546F0 /* PBXTargetDependency */,
			);
			fileSystemSynchronizedGroups = (
				87D3A59E2DD5FD74005546F0 /* DeadLineUITests */,
			);
			name = DeadLineUITests;
			packageProductDependencies = (
			);
			productName = DeadLineUITests;
			productReference = 87D3A59B2DD5FD74005546F0 /* DeadLineUITests.xctest */;
			productType = "com.apple.product-type.bundle.ui-testing";
		};
/* End PBXNativeTarget section */

/* Begin PBXProject section */
		87D3A5752DD5FD73005546F0 /* Project object */ = {
			isa = PBXProject;
			attributes = {
				BuildIndependentTargetsInParallel = 1;
				LastSwiftUpdateCheck = 1620;
				LastUpgradeCheck = 1620;
				TargetAttributes = {
					87BECBE42DDF344E00530E7A = {
						CreatedOnToolsVersion = 16.2;
					};
					87D3A57C2DD5FD73005546F0 = {
						CreatedOnToolsVersion = 16.2;
					};
					87D3A5902DD5FD74005546F0 = {
						CreatedOnToolsVersion = 16.2;
						TestTargetID = 87D3A57C2DD5FD73005546F0;
					};
					87D3A59A2DD5FD74005546F0 = {
						CreatedOnToolsVersion = 16.2;
						TestTargetID = 87D3A57C2DD5FD73005546F0;
					};
				};
			};
			buildConfigurationList = 87D3A5782DD5FD73005546F0 /* Build configuration list for PBXProject "DeadLine" */;
			developmentRegion = en;
			hasScannedForEncodings = 0;
			knownRegions = (
				en,
				Base,
			);
			mainGroup = 87D3A5742DD5FD73005546F0;
			minimizedProjectReferenceProxies = 1;
			packageReferences = (
				30FA737D2DDDD464001E57BA /* XCRemoteSwiftPackageReference "realm-swift" */,
			);
			preferredProjectObjectVersion = 77;
			productRefGroup = 87D3A57E2DD5FD73005546F0 /* Products */;
			projectDirPath = "";
			projectRoot = "";
			targets = (
				87D3A57C2DD5FD73005546F0 /* DeadLine */,
				87D3A5902DD5FD74005546F0 /* DeadLineTests */,
				87D3A59A2DD5FD74005546F0 /* DeadLineUITests */,
				87BECBE42DDF344E00530E7A /* DeadLineWidgetExtension */,
			);
		};
/* End PBXProject section */

/* Begin PBXResourcesBuildPhase section */
		87BECBE32DDF344E00530E7A /* Resources */ = {
			isa = PBXResourcesBuildPhase;
			buildActionMask = 2147483647;
			files = (
			);
			runOnlyForDeploymentPostprocessing = 0;
		};
		87D3A57B2DD5FD73005546F0 /* Resources */ = {
			isa = PBXResourcesBuildPhase;
			buildActionMask = 2147483647;
			files = (
			);
			runOnlyForDeploymentPostprocessing = 0;
		};
		87D3A58F2DD5FD74005546F0 /* Resources */ = {
			isa = PBXResourcesBuildPhase;
			buildActionMask = 2147483647;
			files = (
			);
			runOnlyForDeploymentPostprocessing = 0;
		};
		87D3A5992DD5FD74005546F0 /* Resources */ = {
			isa = PBXResourcesBuildPhase;
			buildActionMask = 2147483647;
			files = (
			);
			runOnlyForDeploymentPostprocessing = 0;
		};
/* End PBXResourcesBuildPhase section */

/* Begin PBXSourcesBuildPhase section */
		87BECBE12DDF344E00530E7A /* Sources */ = {
			isa = PBXSourcesBuildPhase;
			buildActionMask = 2147483647;
			files = (
			);
			runOnlyForDeploymentPostprocessing = 0;
		};
		87D3A5792DD5FD73005546F0 /* Sources */ = {
			isa = PBXSourcesBuildPhase;
			buildActionMask = 2147483647;
			files = (
			);
			runOnlyForDeploymentPostprocessing = 0;
		};
		87D3A58D2DD5FD74005546F0 /* Sources */ = {
			isa = PBXSourcesBuildPhase;
			buildActionMask = 2147483647;
			files = (
			);
			runOnlyForDeploymentPostprocessing = 0;
		};
		87D3A5972DD5FD74005546F0 /* Sources */ = {
			isa = PBXSourcesBuildPhase;
			buildActionMask = 2147483647;
			files = (
			);
			runOnlyForDeploymentPostprocessing = 0;
		};
/* End PBXSourcesBuildPhase section */

/* Begin PBXTargetDependency section */
		87BECBFA2DDF345000530E7A /* PBXTargetDependency */ = {
			isa = PBXTargetDependency;
			target = 87BECBE42DDF344E00530E7A /* DeadLineWidgetExtension */;
			targetProxy = 87BECBF92DDF345000530E7A /* PBXContainerItemProxy */;
		};
		87D3A5932DD5FD74005546F0 /* PBXTargetDependency */ = {
			isa = PBXTargetDependency;
			target = 87D3A57C2DD5FD73005546F0 /* DeadLine */;
			targetProxy = 87D3A5922DD5FD74005546F0 /* PBXContainerItemProxy */;
		};
		87D3A59D2DD5FD74005546F0 /* PBXTargetDependency */ = {
			isa = PBXTargetDependency;
			target = 87D3A57C2DD5FD73005546F0 /* DeadLine */;
			targetProxy = 87D3A59C2DD5FD74005546F0 /* PBXContainerItemProxy */;
		};
/* End PBXTargetDependency section */

/* Begin XCBuildConfiguration section */
		87BECBFD2DDF345000530E7A /* Debug */ = {
			isa = XCBuildConfiguration;
			buildSettings = {
				ASSETCATALOG_COMPILER_GLOBAL_ACCENT_COLOR_NAME = AccentColor;
				ASSETCATALOG_COMPILER_WIDGET_BACKGROUND_COLOR_NAME = WidgetBackground;
				CODE_SIGN_STYLE = Automatic;
				CURRENT_PROJECT_VERSION = 1;
				DEVELOPMENT_TEAM = CHP337D75C;
				GENERATE_INFOPLIST_FILE = YES;
				INFOPLIST_FILE = DeadLineWidget/Info.plist;
				INFOPLIST_KEY_CFBundleDisplayName = DeadLineWidget;
				INFOPLIST_KEY_NSHumanReadableCopyright = "";
				LD_RUNPATH_SEARCH_PATHS = (
					"$(inherited)",
					"@executable_path/Frameworks",
					"@executable_path/../../Frameworks",
				);
				MARKETING_VERSION = 1.0;
				PRODUCT_BUNDLE_IDENTIFIER = com.kota.DeadLine.DeadLineWidget;
				PRODUCT_NAME = "$(TARGET_NAME)";
				SKIP_INSTALL = YES;
				SWIFT_EMIT_LOC_STRINGS = YES;
				SWIFT_VERSION = 5.0;
				TARGETED_DEVICE_FAMILY = "1,2";
			};
			name = Debug;
		};
		87BECBFE2DDF345000530E7A /* Release */ = {
			isa = XCBuildConfiguration;
			buildSettings = {
				ASSETCATALOG_COMPILER_GLOBAL_ACCENT_COLOR_NAME = AccentColor;
				ASSETCATALOG_COMPILER_WIDGET_BACKGROUND_COLOR_NAME = WidgetBackground;
				CODE_SIGN_STYLE = Automatic;
				CURRENT_PROJECT_VERSION = 1;
				DEVELOPMENT_TEAM = CHP337D75C;
				GENERATE_INFOPLIST_FILE = YES;
				INFOPLIST_FILE = DeadLineWidget/Info.plist;
				INFOPLIST_KEY_CFBundleDisplayName = DeadLineWidget;
				INFOPLIST_KEY_NSHumanReadableCopyright = "";
				LD_RUNPATH_SEARCH_PATHS = (
					"$(inherited)",
					"@executable_path/Frameworks",
					"@executable_path/../../Frameworks",
				);
				MARKETING_VERSION = 1.0;
				PRODUCT_BUNDLE_IDENTIFIER = com.kota.DeadLine.DeadLineWidget;
				PRODUCT_NAME = "$(TARGET_NAME)";
				SKIP_INSTALL = YES;
				SWIFT_EMIT_LOC_STRINGS = YES;
				SWIFT_VERSION = 5.0;
				TARGETED_DEVICE_FAMILY = "1,2";
			};
			name = Release;
		};
		87D3A5A52DD5FD74005546F0 /* Debug */ = {
			isa = XCBuildConfiguration;
			buildSettings = {
				ASSETCATALOG_COMPILER_APPICON_NAME = AppIcon;
				ASSETCATALOG_COMPILER_GLOBAL_ACCENT_COLOR_NAME = AccentColor;
				CODE_SIGN_ENTITLEMENTS = DeadLine/DeadLine.entitlements;
				CODE_SIGN_STYLE = Automatic;
				CURRENT_PROJECT_VERSION = 1;
				DEVELOPMENT_ASSET_PATHS = "\"DeadLine/Preview Content\"";
				DEVELOPMENT_TEAM = CHP337D75C;
				ENABLE_PREVIEWS = YES;
				GENERATE_INFOPLIST_FILE = YES;
				INFOPLIST_FILE = DeadLine/Info.plist;
				INFOPLIST_KEY_UIApplicationSceneManifest_Generation = YES;
				INFOPLIST_KEY_UIApplicationSupportsIndirectInputEvents = YES;
				INFOPLIST_KEY_UILaunchScreen_Generation = YES;
				INFOPLIST_KEY_UISupportedInterfaceOrientations_iPad = "UIInterfaceOrientationPortrait UIInterfaceOrientationPortraitUpsideDown UIInterfaceOrientationLandscapeLeft UIInterfaceOrientationLandscapeRight";
				INFOPLIST_KEY_UISupportedInterfaceOrientations_iPhone = "UIInterfaceOrientationPortrait UIInterfaceOrientationLandscapeLeft UIInterfaceOrientationLandscapeRight";
				LD_RUNPATH_SEARCH_PATHS = (
					"$(inherited)",
					"@executable_path/Frameworks",
				);
				MARKETING_VERSION = 1.0;
				PRODUCT_BUNDLE_IDENTIFIER = com.kota.DeadLine;
				PRODUCT_NAME = "$(TARGET_NAME)";
				SWIFT_EMIT_LOC_STRINGS = YES;
				SWIFT_VERSION = 5.0;
				TARGETED_DEVICE_FAMILY = "1,2";
			};
			name = Debug;
		};
		87D3A5A62DD5FD74005546F0 /* Release */ = {
			isa = XCBuildConfiguration;
			buildSettings = {
				ASSETCATALOG_COMPILER_APPICON_NAME = AppIcon;
				ASSETCATALOG_COMPILER_GLOBAL_ACCENT_COLOR_NAME = AccentColor;
				CODE_SIGN_ENTITLEMENTS = DeadLine/DeadLine.entitlements;
				CODE_SIGN_STYLE = Automatic;
				CURRENT_PROJECT_VERSION = 1;
				DEVELOPMENT_ASSET_PATHS = "\"DeadLine/Preview Content\"";
				DEVELOPMENT_TEAM = CHP337D75C;
				ENABLE_PREVIEWS = YES;
				GENERATE_INFOPLIST_FILE = YES;
				INFOPLIST_FILE = DeadLine/Info.plist;
				INFOPLIST_KEY_UIApplicationSceneManifest_Generation = YES;
				INFOPLIST_KEY_UIApplicationSupportsIndirectInputEvents = YES;
				INFOPLIST_KEY_UILaunchScreen_Generation = YES;
				INFOPLIST_KEY_UISupportedInterfaceOrientations_iPad = "UIInterfaceOrientationPortrait UIInterfaceOrientationPortraitUpsideDown UIInterfaceOrientationLandscapeLeft UIInterfaceOrientationLandscapeRight";
				INFOPLIST_KEY_UISupportedInterfaceOrientations_iPhone = "UIInterfaceOrientationPortrait UIInterfaceOrientationLandscapeLeft UIInterfaceOrientationLandscapeRight";
				LD_RUNPATH_SEARCH_PATHS = (
					"$(inherited)",
					"@executable_path/Frameworks",
				);
				MARKETING_VERSION = 1.0;
				PRODUCT_BUNDLE_IDENTIFIER = com.kota.DeadLine;
				PRODUCT_NAME = "$(TARGET_NAME)";
				SWIFT_EMIT_LOC_STRINGS = YES;
				SWIFT_VERSION = 5.0;
				TARGETED_DEVICE_FAMILY = "1,2";
			};
			name = Release;
		};
		87D3A5A72DD5FD74005546F0 /* Debug */ = {
			isa = XCBuildConfiguration;
			buildSettings = {
				ALWAYS_SEARCH_USER_PATHS = NO;
				ASSETCATALOG_COMPILER_GENERATE_SWIFT_ASSET_SYMBOL_EXTENSIONS = YES;
				CLANG_ANALYZER_NONNULL = YES;
				CLANG_ANALYZER_NUMBER_OBJECT_CONVERSION = YES_AGGRESSIVE;
				CLANG_CXX_LANGUAGE_STANDARD = "gnu++20";
				CLANG_ENABLE_MODULES = YES;
				CLANG_ENABLE_OBJC_ARC = YES;
				CLANG_ENABLE_OBJC_WEAK = YES;
				CLANG_WARN_BLOCK_CAPTURE_AUTORELEASING = YES;
				CLANG_WARN_BOOL_CONVERSION = YES;
				CLANG_WARN_COMMA = YES;
				CLANG_WARN_CONSTANT_CONVERSION = YES;
				CLANG_WARN_DEPRECATED_OBJC_IMPLEMENTATIONS = YES;
				CLANG_WARN_DIRECT_OBJC_ISA_USAGE = YES_ERROR;
				CLANG_WARN_DOCUMENTATION_COMMENTS = YES;
				CLANG_WARN_EMPTY_BODY = YES;
				CLANG_WARN_ENUM_CONVERSION = YES;
				CLANG_WARN_INFINITE_RECURSION = YES;
				CLANG_WARN_INT_CONVERSION = YES;
				CLANG_WARN_NON_LITERAL_NULL_CONVERSION = YES;
				CLANG_WARN_OBJC_IMPLICIT_RETAIN_SELF = YES;
				CLANG_WARN_OBJC_LITERAL_CONVERSION = YES;
				CLANG_WARN_OBJC_ROOT_CLASS = YES_ERROR;
				CLANG_WARN_QUOTED_INCLUDE_IN_FRAMEWORK_HEADER = YES;
				CLANG_WARN_RANGE_LOOP_ANALYSIS = YES;
				CLANG_WARN_STRICT_PROTOTYPES = YES;
				CLANG_WARN_SUSPICIOUS_MOVE = YES;
				CLANG_WARN_UNGUARDED_AVAILABILITY = YES_AGGRESSIVE;
				CLANG_WARN_UNREACHABLE_CODE = YES;
				CLANG_WARN__DUPLICATE_METHOD_MATCH = YES;
				COPY_PHASE_STRIP = NO;
				DEBUG_INFORMATION_FORMAT = dwarf;
				ENABLE_STRICT_OBJC_MSGSEND = YES;
				ENABLE_TESTABILITY = YES;
				ENABLE_USER_SCRIPT_SANDBOXING = YES;
				GCC_C_LANGUAGE_STANDARD = gnu17;
				GCC_DYNAMIC_NO_PIC = NO;
				GCC_NO_COMMON_BLOCKS = YES;
				GCC_OPTIMIZATION_LEVEL = 0;
				GCC_PREPROCESSOR_DEFINITIONS = (
					"DEBUG=1",
					"$(inherited)",
				);
				GCC_WARN_64_TO_32_BIT_CONVERSION = YES;
				GCC_WARN_ABOUT_RETURN_TYPE = YES_ERROR;
				GCC_WARN_UNDECLARED_SELECTOR = YES;
				GCC_WARN_UNINITIALIZED_AUTOS = YES_AGGRESSIVE;
				GCC_WARN_UNUSED_FUNCTION = YES;
				GCC_WARN_UNUSED_VARIABLE = YES;
				IPHONEOS_DEPLOYMENT_TARGET = 18.2;
				LOCALIZATION_PREFERS_STRING_CATALOGS = YES;
				MTL_ENABLE_DEBUG_INFO = INCLUDE_SOURCE;
				MTL_FAST_MATH = YES;
				ONLY_ACTIVE_ARCH = YES;
				SDKROOT = iphoneos;
				SWIFT_ACTIVE_COMPILATION_CONDITIONS = "DEBUG $(inherited)";
				SWIFT_OPTIMIZATION_LEVEL = "-Onone";
			};
			name = Debug;
		};
		87D3A5A82DD5FD74005546F0 /* Release */ = {
			isa = XCBuildConfiguration;
			buildSettings = {
				ALWAYS_SEARCH_USER_PATHS = NO;
				ASSETCATALOG_COMPILER_GENERATE_SWIFT_ASSET_SYMBOL_EXTENSIONS = YES;
				CLANG_ANALYZER_NONNULL = YES;
				CLANG_ANALYZER_NUMBER_OBJECT_CONVERSION = YES_AGGRESSIVE;
				CLANG_CXX_LANGUAGE_STANDARD = "gnu++20";
				CLANG_ENABLE_MODULES = YES;
				CLANG_ENABLE_OBJC_ARC = YES;
				CLANG_ENABLE_OBJC_WEAK = YES;
				CLANG_WARN_BLOCK_CAPTURE_AUTORELEASING = YES;
				CLANG_WARN_BOOL_CONVERSION = YES;
				CLANG_WARN_COMMA = YES;
				CLANG_WARN_CONSTANT_CONVERSION = YES;
				CLANG_WARN_DEPRECATED_OBJC_IMPLEMENTATIONS = YES;
				CLANG_WARN_DIRECT_OBJC_ISA_USAGE = YES_ERROR;
				CLANG_WARN_DOCUMENTATION_COMMENTS = YES;
				CLANG_WARN_EMPTY_BODY = YES;
				CLANG_WARN_ENUM_CONVERSION = YES;
				CLANG_WARN_INFINITE_RECURSION = YES;
				CLANG_WARN_INT_CONVERSION = YES;
				CLANG_WARN_NON_LITERAL_NULL_CONVERSION = YES;
				CLANG_WARN_OBJC_IMPLICIT_RETAIN_SELF = YES;
				CLANG_WARN_OBJC_LITERAL_CONVERSION = YES;
				CLANG_WARN_OBJC_ROOT_CLASS = YES_ERROR;
				CLANG_WARN_QUOTED_INCLUDE_IN_FRAMEWORK_HEADER = YES;
				CLANG_WARN_RANGE_LOOP_ANALYSIS = YES;
				CLANG_WARN_STRICT_PROTOTYPES = YES;
				CLANG_WARN_SUSPICIOUS_MOVE = YES;
				CLANG_WARN_UNGUARDED_AVAILABILITY = YES_AGGRESSIVE;
				CLANG_WARN_UNREACHABLE_CODE = YES;
				CLANG_WARN__DUPLICATE_METHOD_MATCH = YES;
				COPY_PHASE_STRIP = NO;
				DEBUG_INFORMATION_FORMAT = "dwarf-with-dsym";
				ENABLE_NS_ASSERTIONS = NO;
				ENABLE_STRICT_OBJC_MSGSEND = YES;
				ENABLE_USER_SCRIPT_SANDBOXING = YES;
				GCC_C_LANGUAGE_STANDARD = gnu17;
				GCC_NO_COMMON_BLOCKS = YES;
				GCC_WARN_64_TO_32_BIT_CONVERSION = YES;
				GCC_WARN_ABOUT_RETURN_TYPE = YES_ERROR;
				GCC_WARN_UNDECLARED_SELECTOR = YES;
				GCC_WARN_UNINITIALIZED_AUTOS = YES_AGGRESSIVE;
				GCC_WARN_UNUSED_FUNCTION = YES;
				GCC_WARN_UNUSED_VARIABLE = YES;
				IPHONEOS_DEPLOYMENT_TARGET = 18.2;
				LOCALIZATION_PREFERS_STRING_CATALOGS = YES;
				MTL_ENABLE_DEBUG_INFO = NO;
				MTL_FAST_MATH = YES;
				SDKROOT = iphoneos;
				SWIFT_COMPILATION_MODE = wholemodule;
				VALIDATE_PRODUCT = YES;
			};
			name = Release;
		};
		87D3A5AA2DD5FD74005546F0 /* Debug */ = {
			isa = XCBuildConfiguration;
			buildSettings = {
				BUNDLE_LOADER = "$(TEST_HOST)";
				CODE_SIGN_STYLE = Automatic;
				CURRENT_PROJECT_VERSION = 1;
				DEVELOPMENT_TEAM = CHP337D75C;
				GENERATE_INFOPLIST_FILE = YES;
				IPHONEOS_DEPLOYMENT_TARGET = 18.2;
				MARKETING_VERSION = 1.0;
				PRODUCT_BUNDLE_IDENTIFIER = com.kota.DeadLineTests;
				PRODUCT_NAME = "$(TARGET_NAME)";
				SWIFT_EMIT_LOC_STRINGS = NO;
				SWIFT_VERSION = 5.0;
				TARGETED_DEVICE_FAMILY = "1,2";
				TEST_HOST = "$(BUILT_PRODUCTS_DIR)/DeadLine.app/$(BUNDLE_EXECUTABLE_FOLDER_PATH)/DeadLine";
			};
			name = Debug;
		};
		87D3A5AB2DD5FD74005546F0 /* Release */ = {
			isa = XCBuildConfiguration;
			buildSettings = {
				BUNDLE_LOADER = "$(TEST_HOST)";
				CODE_SIGN_STYLE = Automatic;
				CURRENT_PROJECT_VERSION = 1;
				DEVELOPMENT_TEAM = CHP337D75C;
				GENERATE_INFOPLIST_FILE = YES;
				IPHONEOS_DEPLOYMENT_TARGET = 18.2;
				MARKETING_VERSION = 1.0;
				PRODUCT_BUNDLE_IDENTIFIER = com.kota.DeadLineTests;
				PRODUCT_NAME = "$(TARGET_NAME)";
				SWIFT_EMIT_LOC_STRINGS = NO;
				SWIFT_VERSION = 5.0;
				TARGETED_DEVICE_FAMILY = "1,2";
				TEST_HOST = "$(BUILT_PRODUCTS_DIR)/DeadLine.app/$(BUNDLE_EXECUTABLE_FOLDER_PATH)/DeadLine";
			};
			name = Release;
		};
		87D3A5AD2DD5FD74005546F0 /* Debug */ = {
			isa = XCBuildConfiguration;
			buildSettings = {
				CODE_SIGN_STYLE = Automatic;
				CURRENT_PROJECT_VERSION = 1;
				DEVELOPMENT_TEAM = CHP337D75C;
				GENERATE_INFOPLIST_FILE = YES;
				MARKETING_VERSION = 1.0;
				PRODUCT_BUNDLE_IDENTIFIER = com.kota.DeadLineUITests;
				PRODUCT_NAME = "$(TARGET_NAME)";
				SWIFT_EMIT_LOC_STRINGS = NO;
				SWIFT_VERSION = 5.0;
				TARGETED_DEVICE_FAMILY = "1,2";
				TEST_TARGET_NAME = DeadLine;
			};
			name = Debug;
		};
		87D3A5AE2DD5FD74005546F0 /* Release */ = {
			isa = XCBuildConfiguration;
			buildSettings = {
				CODE_SIGN_STYLE = Automatic;
				CURRENT_PROJECT_VERSION = 1;
				DEVELOPMENT_TEAM = CHP337D75C;
				GENERATE_INFOPLIST_FILE = YES;
				MARKETING_VERSION = 1.0;
				PRODUCT_BUNDLE_IDENTIFIER = com.kota.DeadLineUITests;
				PRODUCT_NAME = "$(TARGET_NAME)";
				SWIFT_EMIT_LOC_STRINGS = NO;
				SWIFT_VERSION = 5.0;
				TARGETED_DEVICE_FAMILY = "1,2";
				TEST_TARGET_NAME = DeadLine;
			};
			name = Release;
		};
/* End XCBuildConfiguration section */

/* Begin XCConfigurationList section */
		87BECBFF2DDF345000530E7A /* Build configuration list for PBXNativeTarget "DeadLineWidgetExtension" */ = {
			isa = XCConfigurationList;
			buildConfigurations = (
				87BECBFD2DDF345000530E7A /* Debug */,
				87BECBFE2DDF345000530E7A /* Release */,
			);
			defaultConfigurationIsVisible = 0;
			defaultConfigurationName = Release;
		};
		87D3A5782DD5FD73005546F0 /* Build configuration list for PBXProject "DeadLine" */ = {
			isa = XCConfigurationList;
			buildConfigurations = (
				87D3A5A72DD5FD74005546F0 /* Debug */,
				87D3A5A82DD5FD74005546F0 /* Release */,
			);
			defaultConfigurationIsVisible = 0;
			defaultConfigurationName = Release;
		};
		87D3A5A42DD5FD74005546F0 /* Build configuration list for PBXNativeTarget "DeadLine" */ = {
			isa = XCConfigurationList;
			buildConfigurations = (
				87D3A5A52DD5FD74005546F0 /* Debug */,
				87D3A5A62DD5FD74005546F0 /* Release */,
			);
			defaultConfigurationIsVisible = 0;
			defaultConfigurationName = Release;
		};
		87D3A5A92DD5FD74005546F0 /* Build configuration list for PBXNativeTarget "DeadLineTests" */ = {
			isa = XCConfigurationList;
			buildConfigurations = (
				87D3A5AA2DD5FD74005546F0 /* Debug */,
				87D3A5AB2DD5FD74005546F0 /* Release */,
			);
			defaultConfigurationIsVisible = 0;
			defaultConfigurationName = Release;
		};
		87D3A5AC2DD5FD74005546F0 /* Build configuration list for PBXNativeTarget "DeadLineUITests" */ = {
			isa = XCConfigurationList;
			buildConfigurations = (
				87D3A5AD2DD5FD74005546F0 /* Debug */,
				87D3A5AE2DD5FD74005546F0 /* Release */,
			);
			defaultConfigurationIsVisible = 0;
			defaultConfigurationName = Release;
		};
/* End XCConfigurationList section */

/* Begin XCRemoteSwiftPackageReference section */
		30FA737D2DDDD464001E57BA /* XCRemoteSwiftPackageReference "realm-swift" */ = {
			isa = XCRemoteSwiftPackageReference;
			repositoryURL = "https://github.com/realm/realm-swift";
			requirement = {
				branch = master;
				kind = branch;
			};
		};
/* End XCRemoteSwiftPackageReference section */

/* Begin XCSwiftPackageProductDependency section */
		30FA73802DDDD464001E57BA /* RealmSwift */ = {
			isa = XCSwiftPackageProductDependency;
			package = 30FA737D2DDDD464001E57BA /* XCRemoteSwiftPackageReference "realm-swift" */;
			productName = RealmSwift;
		};
/* End XCSwiftPackageProductDependency section */
	};
	rootObject = 87D3A5752DD5FD73005546F0 /* Project object */;
}
